
Microsoft Visual Studio Solution File, Format Version 12.00
# Visual Studio Version 17
VisualStudioVersion = 17.14.37531.7 d17.14
MinimumVisualStudioVersion = 10.0.40219.1
Project("{FAE04EC0-301F-11D3-BF4B-00C04F79EFBC}") = "ChurnPrediction.ML", "ChurnPrediction.ML\ChurnPrediction.ML.csproj", "{A67389E7-5553-4AE3-9931-2706849F8548}"
EndProject
Project("{FAE04EC0-301F-11D3-BF4B-00C04F79EFBC}") = "ChurnPrediction.Api", "ChurnPrediction.Api\ChurnPrediction.Api.csproj", "{9B271059-3818-467F-895E-FEFAABA74FCE}"
EndProject
Project("{FAE04EC0-301F-11D3-BF4B-00C04F79EFBC}") = "ChurnPrediction.Tests", "ChurnPrediction.Tests\ChurnPrediction.Tests.csproj", "{69C6CE6A-259F-D543-DB67-592AA3A37AF5}"
EndProject
Project("{2150E333-8FDC-42A3-9474-1A3956D46DE8}") = "Solution Items", "Solution Items", "{8EC462FD-D22E-90A8-E5CE-7E832BA40C5D}"
	ProjectSection(SolutionItems) = preProject
		.dockerignore = .dockerignore
		Dockerfile = Dockerfile
		..\..\Downloads\archive\HOW_TO_RUN.md = ..\..\Downloads\archive\HOW_TO_RUN.md
		README.md = README.md
	EndProjectSection
EndProject
Project("{2150E333-8FDC-42A3-9474-1A3956D46DE8}") = "docs", "docs", "{02EA681E-C7D8-13C7-8484-4AC65E1B71E8}"
	ProjectSection(SolutionItems) = preProject
		..\..\Downloads\swagger-demo.png = ..\..\Downloads\swagger-demo.png
	EndProjectSection
EndProject
Global
	GlobalSection(SolutionConfigurationPlatforms) = preSolution
		Debug|Any CPU = Debug|Any CPU
		Release|Any CPU = Release|Any CPU
	EndGlobalSection
	GlobalSection(ProjectConfigurationPlatforms) = postSolution
		{A67389E7-5553-4AE3-9931-2706849F8548}.Debug|Any CPU.ActiveCfg = Debug|Any CPU
		{A67389E7-5553-4AE3-9931-2706849F8548}.Debug|Any CPU.Build.0 = Debug|Any CPU
		{A67389E7-5553-4AE3-9931-2706849F8548}.Release|Any CPU.ActiveCfg = Release|Any CPU
		{A67389E7-5553-4AE3-9931-2706849F8548}.Release|Any CPU.Build.0 = Release|Any CPU
		{9B271059-3818-467F-895E-FEFAABA74FCE}.Debug|Any CPU.ActiveCfg = Debug|Any CPU
		{9B271059-3818-467F-895E-FEFAABA74FCE}.Debug|Any CPU.Build.0 = Debug|Any CPU
		{9B271059-3818-467F-895E-FEFAABA74FCE}.Release|Any CPU.ActiveCfg = Release|Any CPU
		{9B271059-3818-467F-895E-FEFAABA74FCE}.Release|Any CPU.Build.0 = Release|Any CPU
		{69C6CE6A-259F-D543-DB67-592AA3A37AF5}.Debug|Any CPU.ActiveCfg = Debug|Any CPU
		{69C6CE6A-259F-D543-DB67-592AA3A37AF5}.Debug|Any CPU.Build.0 = Debug|Any CPU
		{69C6CE6A-259F-D543-DB67-592AA3A37AF5}.Release|Any CPU.ActiveCfg = Release|Any CPU
		{69C6CE6A-259F-D543-DB67-592AA3A37AF5}.Release|Any CPU.Build.0 = Release|Any CPU
	EndGlobalSection
	GlobalSection(SolutionProperties) = preSolution
		HideSolutionNode = FALSE
	EndGlobalSection
	GlobalSection(ExtensibilityGlobals) = postSolution
		SolutionGuid = {517EA07B-4442-4399-B193-317CFC34F278}
	EndGlobalSection
EndGlobal
